
Microsoft Visual Studio Solution File, Format Version 12.00
# Visual Studio 15
VisualStudioVersion = 15.0.27428.2027
MinimumVisualStudioVersion = 10.0.40219.1
Project("{FAE04EC0-301F-11D3-BF4B-00C04F79EFBC}") = "WCFTransaction", "WCFTransaction\WCFTransaction.csproj", "{8F24749F-7E73-40EA-885F-D0027051AB60}"
EndProject
Project("{FAE04EC0-301F-11D3-BF4B-00C04F79EFBC}") = "WCFTransactionClient", "WCFTransactionClient\WCFTransactionClient.csproj", "{BBCC7DD7-48F1-46E4-9C42-ADC3754B2604}"
EndProject
Global
	GlobalSection(SolutionConfigurationPlatforms) = preSolution
		Debug|Any CPU = Debug|Any CPU
		Release|Any CPU = Release|Any CPU
	EndGlobalSection
	GlobalSection(ProjectConfigurationPlatforms) = postSolution
		{8F24749F-7E73-40EA-885F-D0027051AB60}.Debug|Any CPU.ActiveCfg = Debug|Any CPU
		{8F24749F-7E73-40EA-885F-D0027051AB60}.Debug|Any CPU.Build.0 = Debug|Any CPU
		{8F24749F-7E73-40EA-885F-D0027051AB60}.Release|Any CPU.ActiveCfg = Release|Any CPU
		{8F24749F-7E73-40EA-885F-D0027051AB60}.Release|Any CPU.Build.0 = Release|Any CPU
		{BBCC7DD7-48F1-46E4-9C42-ADC3754B2604}.Debug|Any CPU.ActiveCfg = Debug|Any CPU
		{BBCC7DD7-48F1-46E4-9C42-ADC3754B2604}.Debug|Any CPU.Build.0 = Debug|Any CPU
		{BBCC7DD7-48F1-46E4-9C42-ADC3754B2604}.Release|Any CPU.ActiveCfg = Release|Any CPU
		{BBCC7DD7-48F1-46E4-9C42-ADC3754B2604}.Release|Any CPU.Build.0 = Release|Any CPU
	EndGlobalSection
	GlobalSection(SolutionProperties) = preSolution
		HideSolutionNode = FALSE
	EndGlobalSection
	GlobalSection(ExtensibilityGlobals) = postSolution
		SolutionGuid = {F43726C2-750F-474D-A596-02A663EA38DD}
	EndGlobalSection
EndGlobal
